version: 4
environments:
  default:
    channels:
    - url: https://conda.anaconda.org/conda-forge/
    packages:
      win-64:
      - conda: https://conda.anaconda.org/conda-forge/win-64/brotli-python-1.1.0-py312h53d5487_1.conda
      - conda: https://conda.anaconda.org/conda-forge/win-64/bzip2-1.0.8-hcfcfb64_5.conda
      - conda: https://conda.anaconda.org/conda-forge/win-64/ca-certificates-2024.2.2-h56e8100_0.conda
      - conda: https://conda.anaconda.org/conda-forge/noarch/certifi-2024.2.2-pyhd8ed1ab_0.conda
      - conda: https://conda.anaconda.org/conda-forge/win-64/cffi-1.16.0-py312he70551f_0.conda
      - conda: https://conda.anaconda.org/conda-forge/noarch/cfgv-3.3.1-pyhd8ed1ab_0.tar.bz2
      - conda: https://conda.anaconda.org/conda-forge/noarch/charset-normalizer-3.3.2-pyhd8ed1ab_0.conda
      - conda: https://conda.anaconda.org/conda-forge/noarch/colorama-0.4.6-pyhd8ed1ab_0.tar.bz2
      - conda: https://conda.anaconda.org/conda-forge/noarch/distlib-0.3.8-pyhd8ed1ab_0.conda
      - conda: https://conda.anaconda.org/conda-forge/noarch/filelock-3.14.0-pyhd8ed1ab_0.conda
      - conda: https://conda.anaconda.org/conda-forge/noarch/icalendar-5.0.12-pyhd8ed1ab_0.conda
      - conda: https://conda.anaconda.org/conda-forge/noarch/identify-2.5.36-pyhd8ed1ab_0.conda
      - conda: https://conda.anaconda.org/conda-forge/noarch/idna-3.7-pyhd8ed1ab_0.conda
      - conda: https://conda.anaconda.org/conda-forge/win-64/intel-openmp-2024.1.0-h57928b3_965.conda
      - conda: https://conda.anaconda.org/conda-forge/noarch/iso3166-2.1.1-pyhd8ed1ab_0.tar.bz2
      - conda: https://conda.anaconda.org/conda-forge/win-64/levenshtein-0.25.1-py312h53d5487_1.conda
      - conda: https://conda.anaconda.org/conda-forge/win-64/libblas-3.9.0-22_win64_mkl.conda
      - conda: https://conda.anaconda.org/conda-forge/win-64/libcblas-3.9.0-22_win64_mkl.conda
      - conda: https://conda.anaconda.org/conda-forge/win-64/libexpat-2.6.2-h63175ca_0.conda
      - conda: https://conda.anaconda.org/conda-forge/win-64/libffi-3.4.2-h8ffe710_5.tar.bz2
      - conda: https://conda.anaconda.org/conda-forge/win-64/libhwloc-2.10.0-default_h2fffb23_1000.conda
      - conda: https://conda.anaconda.org/conda-forge/win-64/libiconv-1.17-hcfcfb64_2.conda
      - conda: https://conda.anaconda.org/conda-forge/win-64/liblapack-3.9.0-22_win64_mkl.conda
      - conda: https://conda.anaconda.org/conda-forge/win-64/libsqlite-3.45.3-hcfcfb64_0.conda
      - conda: https://conda.anaconda.org/conda-forge/win-64/libxml2-2.12.6-hc3477c8_2.conda
      - conda: https://conda.anaconda.org/conda-forge/win-64/libzlib-1.2.13-hcfcfb64_5.conda
      - conda: https://conda.anaconda.org/conda-forge/win-64/mkl-2024.1.0-h66d3029_692.conda
      - conda: https://conda.anaconda.org/conda-forge/noarch/nodeenv-1.8.0-pyhd8ed1ab_0.conda
      - conda: https://conda.anaconda.org/conda-forge/win-64/numpy-1.26.4-py312h8753938_0.conda
      - conda: https://conda.anaconda.org/conda-forge/win-64/openssl-3.2.1-hcfcfb64_1.conda
      - conda: https://conda.anaconda.org/conda-forge/win-64/pandas-2.2.2-py312h2ab9e98_0.conda
      - conda: https://conda.anaconda.org/conda-forge/noarch/platformdirs-4.2.1-pyhd8ed1ab_0.conda
      - conda: https://conda.anaconda.org/conda-forge/noarch/pre-commit-3.7.0-pyha770c72_0.conda
      - conda: https://conda.anaconda.org/conda-forge/win-64/pthreads-win32-2.9.1-hfa6e2cd_3.tar.bz2
      - conda: https://conda.anaconda.org/conda-forge/noarch/pycparser-2.22-pyhd8ed1ab_0.conda
      - conda: https://conda.anaconda.org/conda-forge/noarch/pysocks-1.7.1-pyh0701188_6.tar.bz2
      - conda: https://conda.anaconda.org/conda-forge/win-64/python-3.12.3-h2628c8c_0_cpython.conda
      - conda: https://conda.anaconda.org/conda-forge/noarch/python-dateutil-2.9.0-pyhd8ed1ab_0.conda
      - conda: https://conda.anaconda.org/conda-forge/noarch/python-levenshtein-0.25.1-pyhd8ed1ab_0.conda
      - conda: https://conda.anaconda.org/conda-forge/noarch/python-tzdata-2024.1-pyhd8ed1ab_0.conda
      - conda: https://conda.anaconda.org/conda-forge/win-64/python_abi-3.12-4_cp312.conda
      - conda: https://conda.anaconda.org/conda-forge/noarch/pytz-2024.1-pyhd8ed1ab_0.conda
      - conda: https://conda.anaconda.org/conda-forge/win-64/pyyaml-6.0.1-py312he70551f_1.conda
      - conda: https://conda.anaconda.org/conda-forge/win-64/rapidfuzz-3.8.1-py312h53d5487_0.conda
      - conda: https://conda.anaconda.org/conda-forge/noarch/requests-2.31.0-pyhd8ed1ab_0.conda
      - conda: https://conda.anaconda.org/conda-forge/noarch/setuptools-69.5.1-pyhd8ed1ab_0.conda
      - conda: https://conda.anaconda.org/conda-forge/noarch/six-1.16.0-pyh6c4a22f_0.tar.bz2
      - conda: https://conda.anaconda.org/conda-forge/win-64/tbb-2021.12.0-h91493d7_0.conda
      - conda: https://conda.anaconda.org/conda-forge/noarch/thefuzz-0.22.1-pyhd8ed1ab_0.conda
      - conda: https://conda.anaconda.org/conda-forge/win-64/tk-8.6.13-h5226925_1.conda
      - conda: https://conda.anaconda.org/conda-forge/noarch/tqdm-4.66.2-pyhd8ed1ab_0.conda
      - conda: https://conda.anaconda.org/conda-forge/noarch/tzdata-2024a-h0c530f3_0.conda
      - conda: https://conda.anaconda.org/conda-forge/win-64/ucrt-10.0.22621.0-h57928b3_0.tar.bz2
      - conda: https://conda.anaconda.org/conda-forge/win-64/ukkonen-1.0.1-py312h0d7def4_4.conda
      - conda: https://conda.anaconda.org/conda-forge/noarch/urllib3-2.2.1-pyhd8ed1ab_0.conda
      - conda: https://conda.anaconda.org/conda-forge/win-64/vc-14.3-hcf57466_18.conda
      - conda: https://conda.anaconda.org/conda-forge/win-64/vc14_runtime-14.38.33130-h82b7239_18.conda
      - conda: https://conda.anaconda.org/conda-forge/noarch/virtualenv-20.26.1-pyhd8ed1ab_0.conda
      - conda: https://conda.anaconda.org/conda-forge/win-64/vs2015_runtime-14.38.33130-hcb4865c_18.conda
      - conda: https://conda.anaconda.org/conda-forge/noarch/win_inet_pton-1.1.0-pyhd8ed1ab_6.tar.bz2
      - conda: https://conda.anaconda.org/conda-forge/win-64/xz-5.2.6-h8d14728_0.tar.bz2
      - conda: https://conda.anaconda.org/conda-forge/win-64/yaml-0.2.5-h8ffe710_2.tar.bz2
  serve:
    channels:
    - url: https://conda.anaconda.org/conda-forge/
    packages:
      win-64:
      - conda: https://conda.anaconda.org/conda-forge/win-64/brotli-python-1.1.0-py312h53d5487_1.conda
      - conda: https://conda.anaconda.org/conda-forge/win-64/bzip2-1.0.8-hcfcfb64_5.conda
      - conda: https://conda.anaconda.org/conda-forge/win-64/ca-certificates-2024.2.2-h56e8100_0.conda
      - conda: https://conda.anaconda.org/conda-forge/noarch/certifi-2024.2.2-pyhd8ed1ab_0.conda
      - conda: https://conda.anaconda.org/conda-forge/win-64/cffi-1.16.0-py312he70551f_0.conda
      - conda: https://conda.anaconda.org/conda-forge/noarch/cfgv-3.3.1-pyhd8ed1ab_0.tar.bz2
      - conda: https://conda.anaconda.org/conda-forge/noarch/charset-normalizer-3.3.2-pyhd8ed1ab_0.conda
      - conda: https://conda.anaconda.org/conda-forge/noarch/colorama-0.4.6-pyhd8ed1ab_0.tar.bz2
      - conda: https://conda.anaconda.org/conda-forge/noarch/distlib-0.3.8-pyhd8ed1ab_0.conda
      - conda: https://conda.anaconda.org/conda-forge/noarch/filelock-3.14.0-pyhd8ed1ab_0.conda
      - conda: https://conda.anaconda.org/conda-forge/noarch/icalendar-5.0.12-pyhd8ed1ab_0.conda
      - conda: https://conda.anaconda.org/conda-forge/noarch/identify-2.5.36-pyhd8ed1ab_0.conda
      - conda: https://conda.anaconda.org/conda-forge/noarch/idna-3.7-pyhd8ed1ab_0.conda
      - conda: https://conda.anaconda.org/conda-forge/win-64/intel-openmp-2024.1.0-h57928b3_965.conda
      - conda: https://conda.anaconda.org/conda-forge/noarch/iso3166-2.1.1-pyhd8ed1ab_0.tar.bz2
      - conda: https://conda.anaconda.org/conda-forge/win-64/levenshtein-0.25.1-py312h53d5487_1.conda
      - conda: https://conda.anaconda.org/conda-forge/win-64/libblas-3.9.0-22_win64_mkl.conda
      - conda: https://conda.anaconda.org/conda-forge/win-64/libcblas-3.9.0-22_win64_mkl.conda
      - conda: https://conda.anaconda.org/conda-forge/win-64/libexpat-2.6.2-h63175ca_0.conda
      - conda: https://conda.anaconda.org/conda-forge/win-64/libffi-3.4.2-h8ffe710_5.tar.bz2
      - conda: https://conda.anaconda.org/conda-forge/win-64/libhwloc-2.10.0-default_h2fffb23_1000.conda
      - conda: https://conda.anaconda.org/conda-forge/win-64/libiconv-1.17-hcfcfb64_2.conda
      - conda: https://conda.anaconda.org/conda-forge/win-64/liblapack-3.9.0-22_win64_mkl.conda
      - conda: https://conda.anaconda.org/conda-forge/win-64/libsqlite-3.45.3-hcfcfb64_0.conda
      - conda: https://conda.anaconda.org/conda-forge/win-64/libxml2-2.12.6-hc3477c8_2.conda
      - conda: https://conda.anaconda.org/conda-forge/win-64/libzlib-1.2.13-hcfcfb64_5.conda
      - conda: https://conda.anaconda.org/conda-forge/win-64/m2-conda-epoch-20230914-0_x86_64.conda
      - conda: https://conda.anaconda.org/conda-forge/noarch/m2-msys2-runtime-3.4.9.1-hd8ed1ab_0.conda
      - conda: https://conda.anaconda.org/conda-forge/win-64/mkl-2024.1.0-h66d3029_692.conda
      - conda: https://conda.anaconda.org/conda-forge/noarch/nodeenv-1.8.0-pyhd8ed1ab_0.conda
      - conda: https://conda.anaconda.org/conda-forge/win-64/numpy-1.26.4-py312h8753938_0.conda
      - conda: https://conda.anaconda.org/conda-forge/win-64/openssl-3.3.0-hcfcfb64_0.conda
      - conda: https://conda.anaconda.org/conda-forge/win-64/pandas-2.2.2-py312h2ab9e98_0.conda
      - conda: https://conda.anaconda.org/conda-forge/noarch/platformdirs-4.2.1-pyhd8ed1ab_0.conda
      - conda: https://conda.anaconda.org/conda-forge/noarch/pre-commit-3.7.0-pyha770c72_0.conda
      - conda: https://conda.anaconda.org/conda-forge/win-64/pthreads-win32-2.9.1-hfa6e2cd_3.tar.bz2
      - conda: https://conda.anaconda.org/conda-forge/noarch/pycparser-2.22-pyhd8ed1ab_0.conda
      - conda: https://conda.anaconda.org/conda-forge/noarch/pysocks-1.7.1-pyh0701188_6.tar.bz2
      - conda: https://conda.anaconda.org/conda-forge/win-64/python-3.12.3-h2628c8c_0_cpython.conda
      - conda: https://conda.anaconda.org/conda-forge/noarch/python-dateutil-2.9.0-pyhd8ed1ab_0.conda
      - conda: https://conda.anaconda.org/conda-forge/noarch/python-levenshtein-0.25.1-pyhd8ed1ab_0.conda
      - conda: https://conda.anaconda.org/conda-forge/noarch/python-tzdata-2024.1-pyhd8ed1ab_0.conda
      - conda: https://conda.anaconda.org/conda-forge/win-64/python_abi-3.12-4_cp312.conda
      - conda: https://conda.anaconda.org/conda-forge/noarch/pytz-2024.1-pyhd8ed1ab_0.conda
      - conda: https://conda.anaconda.org/conda-forge/win-64/pyyaml-6.0.1-py312he70551f_1.conda
      - conda: https://conda.anaconda.org/conda-forge/win-64/rapidfuzz-3.8.1-py312h53d5487_0.conda
      - conda: https://conda.anaconda.org/conda-forge/noarch/requests-2.31.0-pyhd8ed1ab_0.conda
      - conda: https://conda.anaconda.org/conda-forge/win-64/ruby-3.2.2-h20ad4f3_1.conda
      - conda: https://conda.anaconda.org/conda-forge/noarch/setuptools-69.5.1-pyhd8ed1ab_0.conda
      - conda: https://conda.anaconda.org/conda-forge/noarch/six-1.16.0-pyh6c4a22f_0.tar.bz2
      - conda: https://conda.anaconda.org/conda-forge/win-64/tbb-2021.12.0-h91493d7_0.conda
      - conda: https://conda.anaconda.org/conda-forge/noarch/thefuzz-0.22.1-pyhd8ed1ab_0.conda
      - conda: https://conda.anaconda.org/conda-forge/win-64/tk-8.6.13-h5226925_1.conda
      - conda: https://conda.anaconda.org/conda-forge/noarch/tqdm-4.66.2-pyhd8ed1ab_0.conda
      - conda: https://conda.anaconda.org/conda-forge/noarch/tzdata-2024a-h0c530f3_0.conda
      - conda: https://conda.anaconda.org/conda-forge/win-64/ucrt-10.0.22621.0-h57928b3_0.tar.bz2
      - conda: https://conda.anaconda.org/conda-forge/win-64/ukkonen-1.0.1-py312h0d7def4_4.conda
      - conda: https://conda.anaconda.org/conda-forge/noarch/urllib3-2.2.1-pyhd8ed1ab_0.conda
      - conda: https://conda.anaconda.org/conda-forge/win-64/vc-14.3-hcf57466_18.conda
      - conda: https://conda.anaconda.org/conda-forge/win-64/vc14_runtime-14.38.33130-h82b7239_18.conda
      - conda: https://conda.anaconda.org/conda-forge/noarch/virtualenv-20.26.1-pyhd8ed1ab_0.conda
      - conda: https://conda.anaconda.org/conda-forge/win-64/vs2015_runtime-14.38.33130-hcb4865c_18.conda
      - conda: https://conda.anaconda.org/conda-forge/noarch/win_inet_pton-1.1.0-pyhd8ed1ab_6.tar.bz2
      - conda: https://conda.anaconda.org/conda-forge/win-64/xz-5.2.6-h8d14728_0.tar.bz2
      - conda: https://conda.anaconda.org/conda-forge/win-64/yaml-0.2.5-h8ffe710_2.tar.bz2
packages:
- kind: conda
  name: brotli-python
  version: 1.1.0
  build: py312h53d5487_1
  build_number: 1
  subdir: win-64
  url: https://conda.anaconda.org/conda-forge/win-64/brotli-python-1.1.0-py312h53d5487_1.conda
  sha256: 769e276ecdebf86f097786cbde1ebd11e018cd6cd838800995954fe6360e0797
  md5: d01a6667b99f0e8ad4097af66c938e62
  depends:
  - python >=3.12.0rc3,<3.13.0a0
  - python_abi 3.12.* *_cp312
  - ucrt >=10.0.20348.0
  - vc >=14.2,<15
  - vc14_runtime >=14.29.30139
  constrains:
  - libbrotlicommon 1.1.0 hcfcfb64_1
  license: MIT
  license_family: MIT
  size: 322514
  timestamp: 1695991054894
- kind: conda
  name: bzip2
  version: 1.0.8
  build: hcfcfb64_5
  build_number: 5
  subdir: win-64
  url: https://conda.anaconda.org/conda-forge/win-64/bzip2-1.0.8-hcfcfb64_5.conda
  sha256: ae5f47a5c86fd6db822931255dcf017eb12f60c77f07dc782ccb477f7808aab2
  md5: 26eb8ca6ea332b675e11704cce84a3be
  depends:
  - ucrt >=10.0.20348.0
  - vc >=14.2,<15
  - vc14_runtime >=14.29.30139
  license: bzip2-1.0.6
  license_family: BSD
  size: 124580
  timestamp: 1699280668742
- kind: conda
  name: ca-certificates
  version: 2024.2.2
  build: h56e8100_0
  subdir: win-64
  url: https://conda.anaconda.org/conda-forge/win-64/ca-certificates-2024.2.2-h56e8100_0.conda
  sha256: 4d587088ecccd393fec3420b64f1af4ee1a0e6897a45cfd5ef38055322cea5d0
  md5: 63da060240ab8087b60d1357051ea7d6
  license: ISC
  size: 155886
  timestamp: 1706843918052
- kind: conda
  name: certifi
  version: 2024.2.2
  build: pyhd8ed1ab_0
  subdir: noarch
  noarch: python
  url: https://conda.anaconda.org/conda-forge/noarch/certifi-2024.2.2-pyhd8ed1ab_0.conda
  sha256: f1faca020f988696e6b6ee47c82524c7806380b37cfdd1def32f92c326caca54
  md5: 0876280e409658fc6f9e75d035960333
  depends:
  - python >=3.7
  license: ISC
  size: 160559
  timestamp: 1707022289175
- kind: conda
  name: cffi
  version: 1.16.0
  build: py312he70551f_0
  subdir: win-64
  url: https://conda.anaconda.org/conda-forge/win-64/cffi-1.16.0-py312he70551f_0.conda
  sha256: dd39e594f5c6bca52dfed343de2af9326a99700ce2ba3404bd89706926fc0137
  md5: 5a51096925d52332c62bfd8904899055
  depends:
  - pycparser
  - python >=3.12.0rc3,<3.13.0a0
  - python_abi 3.12.* *_cp312
  - ucrt >=10.0.20348.0
  - vc >=14.2,<15
  - vc14_runtime >=14.29.30139
  license: MIT
  license_family: MIT
  size: 287805
  timestamp: 1696002408940
- kind: conda
  name: cfgv
  version: 3.3.1
  build: pyhd8ed1ab_0
  subdir: noarch
  noarch: python
  url: https://conda.anaconda.org/conda-forge/noarch/cfgv-3.3.1-pyhd8ed1ab_0.tar.bz2
  sha256: fbc03537a27ef756162c49b1d0608bf7ab12fa5e38ceb8563d6f4859e835ac5c
  md5: ebb5f5f7dc4f1a3780ef7ea7738db08c
  depends:
  - python >=3.6.1
  license: MIT
  license_family: MIT
  size: 10788
  timestamp: 1629909423398
- kind: conda
  name: charset-normalizer
  version: 3.3.2
  build: pyhd8ed1ab_0
  subdir: noarch
  noarch: python
  url: https://conda.anaconda.org/conda-forge/noarch/charset-normalizer-3.3.2-pyhd8ed1ab_0.conda
  sha256: 20cae47d31fdd58d99c4d2e65fbdcefa0b0de0c84e455ba9d6356a4bdbc4b5b9
  md5: 7f4a9e3fcff3f6356ae99244a014da6a
  depends:
  - python >=3.7
  license: MIT
  license_family: MIT
  size: 46597
  timestamp: 1698833765762
- kind: conda
  name: colorama
  version: 0.4.6
  build: pyhd8ed1ab_0
  subdir: noarch
  noarch: python
  url: https://conda.anaconda.org/conda-forge/noarch/colorama-0.4.6-pyhd8ed1ab_0.tar.bz2
  sha256: 2c1b2e9755ce3102bca8d69e8f26e4f087ece73f50418186aee7c74bef8e1698
  md5: 3faab06a954c2a04039983f2c4a50d99
  depends:
  - python >=3.7
  license: BSD-3-Clause
  license_family: BSD
  size: 25170
  timestamp: 1666700778190
- kind: conda
  name: distlib
  version: 0.3.8
  build: pyhd8ed1ab_0
  subdir: noarch
  noarch: python
  url: https://conda.anaconda.org/conda-forge/noarch/distlib-0.3.8-pyhd8ed1ab_0.conda
  sha256: 3ff11acdd5cc2f80227682966916e878e45ced94f59c402efb94911a5774e84e
  md5: db16c66b759a64dc5183d69cc3745a52
  depends:
  - python 2.7|>=3.6
  license: Apache-2.0
  license_family: APACHE
  size: 274915
  timestamp: 1702383349284
- kind: conda
  name: filelock
  version: 3.14.0
  build: pyhd8ed1ab_0
  subdir: noarch
  noarch: python
  url: https://conda.anaconda.org/conda-forge/noarch/filelock-3.14.0-pyhd8ed1ab_0.conda
  sha256: 6031be667e1b0cc0dee713f1cbca887cdee4daafa8bac478da33096f3147d38b
  md5: 831d85ae0acfba31b8efd0f0d07da736
  depends:
  - python >=3.7
  license: Unlicense
  size: 15902
  timestamp: 1714422911808
- kind: conda
  name: icalendar
  version: 5.0.12
  build: pyhd8ed1ab_0
  subdir: noarch
  noarch: python
  url: https://conda.anaconda.org/conda-forge/noarch/icalendar-5.0.12-pyhd8ed1ab_0.conda
  sha256: c0a5017090710e25c3735b8d0661c27d8c1827b2ec909a80cfddb7940b01a733
  md5: 27cd8ec0c95ba9405f912037b3b8b99c
  depends:
  - python >=3.6
  - python-dateutil
  - pytz
  license: BSD-2-Clause
  license_family: BSD
  size: 87114
  timestamp: 1711279495579
- kind: conda
  name: identify
  version: 2.5.36
  build: pyhd8ed1ab_0
  subdir: noarch
  noarch: python
  url: https://conda.anaconda.org/conda-forge/noarch/identify-2.5.36-pyhd8ed1ab_0.conda
  sha256: dc98ab2233d3ed3692499e2a06b027489ee317658cef9277ec23cab00236f31c
  md5: ba68cb5105760379432cebc82b45af40
  depends:
  - python >=3.6
  - ukkonen
  license: MIT
  license_family: MIT
  size: 78375
  timestamp: 1713673091737
- kind: conda
  name: idna
  version: '3.7'
  build: pyhd8ed1ab_0
  subdir: noarch
  noarch: python
  url: https://conda.anaconda.org/conda-forge/noarch/idna-3.7-pyhd8ed1ab_0.conda
  sha256: 9687ee909ed46169395d4f99a0ee94b80a52f87bed69cd454bb6d37ffeb0ec7b
  md5: c0cc1420498b17414d8617d0b9f506ca
  depends:
  - python >=3.6
  license: BSD-3-Clause
  license_family: BSD
  size: 52718
  timestamp: 1713279497047
- kind: conda
  name: intel-openmp
  version: 2024.1.0
  build: h57928b3_965
  build_number: 965
  subdir: win-64
  url: https://conda.anaconda.org/conda-forge/win-64/intel-openmp-2024.1.0-h57928b3_965.conda
  sha256: 7b029e476ad6d401d645636ee3e4b40130bfcc9534f7415209dd5b666c6dd292
  md5: c66eb2fd33b999ccc258aef85689758e
  license: LicenseRef-ProprietaryIntel
  license_family: Proprietary
  size: 1617555
  timestamp: 1712943333029
- kind: conda
  name: iso3166
  version: 2.1.1
  build: pyhd8ed1ab_0
  subdir: noarch
  noarch: python
  url: https://conda.anaconda.org/conda-forge/noarch/iso3166-2.1.1-pyhd8ed1ab_0.tar.bz2
  sha256: b95ba946aa80024b9b169f02d3afac52055f74552b4f4e96070a1077ffd695de
  md5: 1b840d043530b7b85a72ba5083d5b179
  depends:
  - python >=3.6
  license: MIT
  license_family: MIT
  size: 13991
  timestamp: 1657623202820
- kind: conda
  name: levenshtein
  version: 0.25.1
  build: py312h53d5487_1
  build_number: 1
  subdir: win-64
  url: https://conda.anaconda.org/conda-forge/win-64/levenshtein-0.25.1-py312h53d5487_1.conda
  sha256: 302c3837814cf46308e9de87ac6f10ddc7f468ee1eaf5fd3a094abee7618d594
  md5: 476221bb213939345940f5cf9633439d
  depends:
  - python >=3.12,<3.13.0a0
  - python_abi 3.12.* *_cp312
  - rapidfuzz >=3.8.0,<4.0.0
  - ucrt >=10.0.20348.0
  - vc >=14.2,<15
  - vc14_runtime >=14.29.30139
  license: GPL-2.0-or-later
  license_family: GPL
  size: 98710
  timestamp: 1712506756522
- kind: conda
  name: libblas
  version: 3.9.0
  build: 22_win64_mkl
  build_number: 22
  subdir: win-64
  url: https://conda.anaconda.org/conda-forge/win-64/libblas-3.9.0-22_win64_mkl.conda
  sha256: 4faab445cbd9a13736a206b98fde962d0a9fa80dcbd38300951a8b2863e7c35c
  md5: 65c56ecdeceffd6c32d3d54db7e02c6e
  depends:
  - mkl 2024.1.0 h66d3029_692
  constrains:
  - liblapacke 3.9.0 22_win64_mkl
  - blas * mkl
  - libcblas 3.9.0 22_win64_mkl
  - liblapack 3.9.0 22_win64_mkl
  license: BSD-3-Clause
  license_family: BSD
  size: 5182602
  timestamp: 1712542984136
- kind: conda
  name: libcblas
  version: 3.9.0
  build: 22_win64_mkl
  build_number: 22
  subdir: win-64
  url: https://conda.anaconda.org/conda-forge/win-64/libcblas-3.9.0-22_win64_mkl.conda
  sha256: 5503273924650330dc03edd1eb01ec4020b9967b5a4cafc377ba20b976d15590
  md5: 336c93ab102846c6131cf68e722a68f1
  depends:
  - libblas 3.9.0 22_win64_mkl
  constrains:
  - liblapacke 3.9.0 22_win64_mkl
  - blas * mkl
  - liblapack 3.9.0 22_win64_mkl
  license: BSD-3-Clause
  license_family: BSD
  size: 5191513
  timestamp: 1712543043641
- kind: conda
  name: libexpat
  version: 2.6.2
  build: h63175ca_0
  subdir: win-64
  url: https://conda.anaconda.org/conda-forge/win-64/libexpat-2.6.2-h63175ca_0.conda
  sha256: 79f612f75108f3e16bbdc127d4885bb74729cf66a8702fca0373dad89d40c4b7
  md5: bc592d03f62779511d392c175dcece64
  constrains:
  - expat 2.6.2.*
  license: MIT
  license_family: MIT
  size: 139224
  timestamp: 1710362609641
- kind: conda
  name: libffi
  version: 3.4.2
  build: h8ffe710_5
  build_number: 5
  subdir: win-64
  url: https://conda.anaconda.org/conda-forge/win-64/libffi-3.4.2-h8ffe710_5.tar.bz2
  sha256: 1951ab740f80660e9bc07d2ed3aefb874d78c107264fd810f24a1a6211d4b1a5
  md5: 2c96d1b6915b408893f9472569dee135
  depends:
  - vc >=14.1,<15.0a0
  - vs2015_runtime >=14.16.27012
  license: MIT
  license_family: MIT
  size: 42063
  timestamp: 1636489106777
- kind: conda
  name: libhwloc
  version: 2.10.0
  build: default_h2fffb23_1000
  build_number: 1000
  subdir: win-64
  url: https://conda.anaconda.org/conda-forge/win-64/libhwloc-2.10.0-default_h2fffb23_1000.conda
  sha256: e0d75da50e67a81e3cb37e2ee3b0d6ddc6543ec0f7b3828f884558552a1c4d93
  md5: ee944f0d41d9e2048f9d7492c1623ca3
  depends:
  - libxml2 >=2.12.6,<3.0a0
  - pthreads-win32
  - ucrt >=10.0.20348.0
  - vc >=14.2,<15
  - vc14_runtime >=14.29.30139
  license: BSD-3-Clause
  license_family: BSD
  size: 2376728
  timestamp: 1711491473761
- kind: conda
  name: libiconv
  version: '1.17'
  build: hcfcfb64_2
  build_number: 2
  subdir: win-64
  url: https://conda.anaconda.org/conda-forge/win-64/libiconv-1.17-hcfcfb64_2.conda
  sha256: 5f844dd19b046d43174ad80c6ea75b5d504020e3b63cfbc4ace97b8730d35c7b
  md5: e1eb10b1cca179f2baa3601e4efc8712
  depends:
  - ucrt >=10.0.20348.0
  - vc >=14.2,<15
  - vc14_runtime >=14.29.30139
  license: LGPL-2.1-only
  size: 636146
  timestamp: 1702682547199
- kind: conda
  name: liblapack
  version: 3.9.0
  build: 22_win64_mkl
  build_number: 22
  subdir: win-64
  url: https://conda.anaconda.org/conda-forge/win-64/liblapack-3.9.0-22_win64_mkl.conda
  sha256: 8b28b361a13819ed83a67d3bfdde750a13bc8b50b9af26d94fd61616d0f2d703
  md5: c752cc2af9f3d8d7b2fdebb915a33ef7
  depends:
  - libblas 3.9.0 22_win64_mkl
  constrains:
  - liblapacke 3.9.0 22_win64_mkl
  - blas * mkl
  - libcblas 3.9.0 22_win64_mkl
  license: BSD-3-Clause
  license_family: BSD
  size: 5182500
  timestamp: 1712543085027
- kind: conda
  name: libsqlite
  version: 3.45.3
  build: hcfcfb64_0
  subdir: win-64
  url: https://conda.anaconda.org/conda-forge/win-64/libsqlite-3.45.3-hcfcfb64_0.conda
  sha256: 06ec75faa51d7ec6d5db98889e869b579a9df19d7d3d9baff8359627da4a3b7e
  md5: 73f5dc8e2d55d9a1e14b11f49c3b4a28
  depends:
  - ucrt >=10.0.20348.0
  - vc >=14.2,<15
  - vc14_runtime >=14.29.30139
  license: Unlicense
  size: 870518
  timestamp: 1713367888406
- kind: conda
  name: libxml2
  version: 2.12.6
  build: hc3477c8_2
  build_number: 2
  subdir: win-64
  url: https://conda.anaconda.org/conda-forge/win-64/libxml2-2.12.6-hc3477c8_2.conda
  sha256: 9a717cad6da52c84cfc490f7d52203c4cbc9e0e0389941fc6523273be5ccd17a
  md5: ac7af7a949db01dae61ddc48f4a93d79
  depends:
  - libiconv >=1.17,<2.0a0
  - libzlib >=1.2.13,<1.3.0a0
  - ucrt >=10.0.20348.0
  - vc >=14.2,<15
  - vc14_runtime >=14.29.30139
  license: MIT
  license_family: MIT
  size: 1589904
  timestamp: 1713315104803
- kind: conda
  name: libzlib
  version: 1.2.13
  build: hcfcfb64_5
  build_number: 5
  subdir: win-64
  url: https://conda.anaconda.org/conda-forge/win-64/libzlib-1.2.13-hcfcfb64_5.conda
  sha256: c161822ee8130b71e08b6d282b9919c1de2c5274b29921a867bca0f7d30cad26
  md5: 5fdb9c6a113b6b6cb5e517fd972d5f41
  depends:
  - ucrt >=10.0.20348.0
  - vc >=14.2,<15
  - vc14_runtime >=14.29.30139
  constrains:
  - zlib 1.2.13 *_5
  license: Zlib
  license_family: Other
  size: 55800
  timestamp: 1686575452215
- kind: conda
  name: m2-conda-epoch
  version: '20230914'
  build: 0_x86_64
  subdir: win-64
  url: https://conda.anaconda.org/conda-forge/win-64/m2-conda-epoch-20230914-0_x86_64.conda
  sha256: 5514efb349d06a8dfe7966b64a3076efad461934e35da9e84c0693a36097fe77
  md5: e2a0da44f380c05e8d1f897ed3ec3ce0
  constrains:
  - msys2-conda-epoch <0.0a0
  license: BSD-3-Clause
  license_family: BSD
  size: 6961
  timestamp: 1696161055254
- kind: conda
  name: m2-msys2-runtime
  version: 3.4.9.1
  build: hd8ed1ab_0
  subdir: noarch
  noarch: generic
  url: https://conda.anaconda.org/conda-forge/noarch/m2-msys2-runtime-3.4.9.1-hd8ed1ab_0.conda
  sha256: 2115f43e3e903d1e6d9544afcb0ec5562cde96efea323d2fdeca411c9fe9644c
  md5: b644b6bfbc154f99ef698132ed8af9bd
  depends:
  - m2-conda-epoch 20230914 *_x86_64
  - m2-conda-epoch 20230914.*
  license: GPL
  size: 1893466
  timestamp: 1702158458416
- kind: conda
  name: mkl
  version: 2024.1.0
  build: h66d3029_692
  build_number: 692
  subdir: win-64
  url: https://conda.anaconda.org/conda-forge/win-64/mkl-2024.1.0-h66d3029_692.conda
  sha256: abfdb5eb3a17af59a827ea49fcb4d2bf18e70b62498bf3720351962e636cb5b7
  md5: b43ec7ed045323edeff31e348eea8652
  depends:
  - intel-openmp 2024.*
  - tbb 2021.*
  license: LicenseRef-ProprietaryIntel
  license_family: Proprietary
  size: 109491063
  timestamp: 1712153746272
- kind: conda
  name: nodeenv
  version: 1.8.0
  build: pyhd8ed1ab_0
  subdir: noarch
  noarch: python
  url: https://conda.anaconda.org/conda-forge/noarch/nodeenv-1.8.0-pyhd8ed1ab_0.conda
  sha256: 1320306234552717149f36f825ddc7e27ea295f24829e9db4cc6ceaff0b032bd
  md5: 2a75b296096adabbabadd5e9782e5fcc
  depends:
  - python 2.7|>=3.7
  - setuptools
  license: BSD-3-Clause
  license_family: BSD
  size: 34358
  timestamp: 1683893151613
- kind: conda
  name: numpy
  version: 1.26.4
  build: py312h8753938_0
  subdir: win-64
  url: https://conda.anaconda.org/conda-forge/win-64/numpy-1.26.4-py312h8753938_0.conda
  sha256: 73570817a5109d396b4ebbe5124a89525959269fd33fa33fd413700289fbe0ef
  md5: f9ac74c3b07c396014434aca1e58d362
  depends:
  - libblas >=3.9.0,<4.0a0
  - libcblas >=3.9.0,<4.0a0
  - liblapack >=3.9.0,<4.0a0
  - python >=3.12,<3.13.0a0
  - python_abi 3.12.* *_cp312
  - ucrt >=10.0.20348.0
  - vc >=14.2,<15
  - vc14_runtime >=14.29.30139
  constrains:
  - numpy-base <0a0
  license: BSD-3-Clause
  license_family: BSD
  size: 6495445
  timestamp: 1707226412944
- kind: conda
  name: openssl
  version: 3.2.1
  build: hcfcfb64_1
  build_number: 1
  subdir: win-64
  url: https://conda.anaconda.org/conda-forge/win-64/openssl-3.2.1-hcfcfb64_1.conda
  sha256: 61ce4e11c3c26ed4e4d9b7e7e2483121a1741ad0f9c8db0a91a28b6e05182ce6
  md5: 958e0418e93e50c575bff70fbcaa12d8
  depends:
  - ca-certificates
  - ucrt >=10.0.20348.0
  - vc >=14.2,<15
  - vc14_runtime >=14.29.30139
  constrains:
  - pyopenssl >=22.1
  license: Apache-2.0
  license_family: Apache
  size: 8230112
  timestamp: 1710796158475
- kind: conda
  name: openssl
  version: 3.3.0
  build: hcfcfb64_0
  subdir: win-64
  url: https://conda.anaconda.org/conda-forge/win-64/openssl-3.3.0-hcfcfb64_0.conda
  sha256: ca7573b7503711b53b2464fa35e4efa6f89dcd3d436fb5f128722b853e356dfd
  md5: a6c544c9f060740c625dbf6d92cf3495
  depends:
  - ca-certificates
  - ucrt >=10.0.20348.0
  - vc >=14.2,<15
  - vc14_runtime >=14.29.30139
  constrains:
  - pyopenssl >=22.1
  license: Apache-2.0
  license_family: Apache
  size: 8358240
  timestamp: 1714468180752
- kind: conda
  name: pandas
  version: 2.2.2
  build: py312h2ab9e98_0
  subdir: win-64
  url: https://conda.anaconda.org/conda-forge/win-64/pandas-2.2.2-py312h2ab9e98_0.conda
  sha256: 3c7eb42f7e57d2508257c1a9928790109bda2956eddc696183c23673ab0f30a2
  md5: 32723785b7b4fca8784cc7cadb097009
  depends:
  - numpy >=1.26.4,<2.0a0
  - python >=3.12,<3.13.0a0
  - python-dateutil >=2.8.1
  - python-tzdata >=2022a
  - python_abi 3.12.* *_cp312
  - pytz >=2020.1
  - ucrt >=10.0.20348.0
  - vc >=14.2,<15
  - vc14_runtime >=14.29.30139
  license: BSD-3-Clause
  license_family: BSD
  size: 14205197
  timestamp: 1712786517429
- kind: conda
  name: platformdirs
  version: 4.2.1
  build: pyhd8ed1ab_0
  subdir: noarch
  noarch: python
  url: https://conda.anaconda.org/conda-forge/noarch/platformdirs-4.2.1-pyhd8ed1ab_0.conda
  sha256: 5718fef2954f016834058ae1d359e407ff8e2e847b35ab43d5d91bcf22d5578d
  md5: d478a8a3044cdff1aa6e62f9269cefe0
  depends:
  - python >=3.8
  license: MIT
  license_family: MIT
  size: 20248
  timestamp: 1713912912262
- kind: conda
  name: pre-commit
  version: 3.7.0
  build: pyha770c72_0
  subdir: noarch
  noarch: python
  url: https://conda.anaconda.org/conda-forge/noarch/pre-commit-3.7.0-pyha770c72_0.conda
  sha256: b7a1d56fb1374df77019521bbcbe109ff17337181c4d392918e5ec1a10a9df87
  md5: 846ba0877cda9c4f11e13720cacd1968
  depends:
  - cfgv >=2.0.0
  - identify >=1.0.0
  - nodeenv >=0.11.1
  - python >=3.9
  - pyyaml >=5.1
  - virtualenv >=20.10.0
  license: MIT
  license_family: MIT
  size: 180574
  timestamp: 1711480432386
- kind: conda
  name: pthreads-win32
  version: 2.9.1
  build: hfa6e2cd_3
  build_number: 3
  subdir: win-64
  url: https://conda.anaconda.org/conda-forge/win-64/pthreads-win32-2.9.1-hfa6e2cd_3.tar.bz2
  sha256: 576a228630a72f25d255a5e345e5f10878e153221a96560f2498040cd6f54005
  md5: e2da8758d7d51ff6aa78a14dfb9dbed4
  depends:
  - vc 14.*
  license: LGPL 2
  size: 144301
  timestamp: 1537755684331
- kind: conda
  name: pycparser
  version: '2.22'
  build: pyhd8ed1ab_0
  subdir: noarch
  noarch: python
  url: https://conda.anaconda.org/conda-forge/noarch/pycparser-2.22-pyhd8ed1ab_0.conda
  sha256: 406001ebf017688b1a1554b49127ca3a4ac4626ec0fd51dc75ffa4415b720b64
  md5: 844d9eb3b43095b031874477f7d70088
  depends:
  - python >=3.8
  license: BSD-3-Clause
  license_family: BSD
  size: 105098
  timestamp: 1711811634025
- kind: conda
  name: pysocks
  version: 1.7.1
  build: pyh0701188_6
  build_number: 6
  subdir: noarch
  noarch: python
  url: https://conda.anaconda.org/conda-forge/noarch/pysocks-1.7.1-pyh0701188_6.tar.bz2
  sha256: b3a612bc887f3dd0fb7c4199ad8e342bd148cf69a9b74fd9468a18cf2bef07b7
  md5: 56cd9fe388baac0e90c7149cfac95b60
  depends:
  - __win
  - python >=3.8
  - win_inet_pton
  license: BSD-3-Clause
  license_family: BSD
  size: 19348
  timestamp: 1661605138291
- kind: conda
  name: python
  version: 3.12.3
  build: h2628c8c_0_cpython
  subdir: win-64
  url: https://conda.anaconda.org/conda-forge/win-64/python-3.12.3-h2628c8c_0_cpython.conda
  sha256: 1a95494abe572a8819c933f978df89f00bde72ea9432d46a70632599e8029ea4
  md5: f07c8c5dd98767f9a652de5d039b284e
  depends:
  - bzip2 >=1.0.8,<2.0a0
  - libexpat >=2.6.2,<3.0a0
  - libffi >=3.4,<4.0a0
  - libsqlite >=3.45.2,<4.0a0
  - libzlib >=1.2.13,<1.3.0a0
  - openssl >=3.2.1,<4.0a0
  - tk >=8.6.13,<8.7.0a0
  - tzdata
  - ucrt >=10.0.20348.0
  - vc >=14.2,<15
  - vc14_runtime >=14.29.30139
  - xz >=5.2.6,<6.0a0
  constrains:
  - python_abi 3.12.* *_cp312
  license: Python-2.0
  size: 16179248
  timestamp: 1713205644673
- kind: conda
  name: python-dateutil
  version: 2.9.0
  build: pyhd8ed1ab_0
  subdir: noarch
  noarch: python
  url: https://conda.anaconda.org/conda-forge/noarch/python-dateutil-2.9.0-pyhd8ed1ab_0.conda
  sha256: f3ceef02ac164a8d3a080d0d32f8e2ebe10dd29e3a685d240e38b3599e146320
  md5: 2cf4264fffb9e6eff6031c5b6884d61c
  depends:
  - python >=3.7
  - six >=1.5
  license: Apache-2.0
  license_family: APACHE
  size: 222742
  timestamp: 1709299922152
- kind: conda
  name: python-levenshtein
  version: 0.25.1
  build: pyhd8ed1ab_0
  subdir: noarch
  noarch: python
  url: https://conda.anaconda.org/conda-forge/noarch/python-levenshtein-0.25.1-pyhd8ed1ab_0.conda
  sha256: cebd04148756aed1ed1fabb6de217c6f017a34a47b4bcbd4a9e614b987b549d9
  md5: ed8e671cb3bfbd38d4da6c45e87a2e97
  depends:
  - levenshtein 0.25.1
  - python >=3.7
  license: GPL-2.0-or-later
  license_family: GPL
  size: 15723
  timestamp: 1712529792500
- kind: conda
  name: python-tzdata
  version: '2024.1'
  build: pyhd8ed1ab_0
  subdir: noarch
  noarch: python
  url: https://conda.anaconda.org/conda-forge/noarch/python-tzdata-2024.1-pyhd8ed1ab_0.conda
  sha256: 9da9a849d53705dee450b83507df1ca8ffea5f83bd21a215202221f1c492f8ad
  md5: 98206ea9954216ee7540f0c773f2104d
  depends:
  - python >=3.6
  license: Apache-2.0
  license_family: APACHE
  size: 144024
  timestamp: 1707747742930
- kind: conda
  name: python_abi
  version: '3.12'
  build: 4_cp312
  build_number: 4
  subdir: win-64
  url: https://conda.anaconda.org/conda-forge/win-64/python_abi-3.12-4_cp312.conda
  sha256: 488f8519d04b48f59bd6fde21ebe2d7a527718ff28aac86a8b53aa63658bdef6
  md5: 17f4ccf6be9ded08bd0a376f489ac1a6
  constrains:
  - python 3.12.* *_cpython
  license: BSD-3-Clause
  license_family: BSD
  size: 6785
  timestamp: 1695147430513
- kind: conda
  name: pytz
  version: '2024.1'
  build: pyhd8ed1ab_0
  subdir: noarch
  noarch: python
  url: https://conda.anaconda.org/conda-forge/noarch/pytz-2024.1-pyhd8ed1ab_0.conda
  sha256: 1a7d6b233f7e6e3bbcbad054c8fd51e690a67b129a899a056a5e45dd9f00cb41
  md5: 3eeeeb9e4827ace8c0c1419c85d590ad
  depends:
  - python >=3.7
  license: MIT
  license_family: MIT
  size: 188538
  timestamp: 1706886944988
- kind: conda
  name: pyyaml
  version: 6.0.1
  build: py312he70551f_1
  build_number: 1
  subdir: win-64
  url: https://conda.anaconda.org/conda-forge/win-64/pyyaml-6.0.1-py312he70551f_1.conda
  sha256: a72fa8152791b4738432f270e70b3a9a4d583ef059a78aa1c62f4b4ab7b15494
  md5: f91e0baa89ba21166916624ba7bfb422
  depends:
  - python >=3.12.0rc3,<3.13.0a0
  - python_abi 3.12.* *_cp312
  - ucrt >=10.0.20348.0
  - vc >=14.2,<15
  - vc14_runtime >=14.29.30139
  - yaml >=0.2.5,<0.3.0a0
  license: MIT
  license_family: MIT
  size: 167932
  timestamp: 1695374097139
- kind: conda
  name: rapidfuzz
  version: 3.8.1
  build: py312h53d5487_0
  subdir: win-64
  url: https://conda.anaconda.org/conda-forge/win-64/rapidfuzz-3.8.1-py312h53d5487_0.conda
  sha256: 350b16fb71b22a17df09010343d693be8cd9b96a47ac3abe515fe691d46c8469
  md5: 8dbb13c707a9463e928855821bfc4c4d
  depends:
  - numpy
  - python >=3.12,<3.13.0a0
  - python_abi 3.12.* *_cp312
  - ucrt >=10.0.20348.0
  - vc >=14.2,<15
  - vc14_runtime >=14.29.30139
  license: MIT
  license_family: MIT
  size: 1074640
  timestamp: 1712568255589
- kind: conda
  name: requests
  version: 2.31.0
  build: pyhd8ed1ab_0
  subdir: noarch
  noarch: python
  url: https://conda.anaconda.org/conda-forge/noarch/requests-2.31.0-pyhd8ed1ab_0.conda
  sha256: 9f629d6fd3c8ac5f2a198639fe7af87c4db2ac9235279164bfe0fcb49d8c4bad
  md5: a30144e4156cdbb236f99ebb49828f8b
  depends:
  - certifi >=2017.4.17
  - charset-normalizer >=2,<4
  - idna >=2.5,<4
  - python >=3.7
  - urllib3 >=1.21.1,<3
  constrains:
  - chardet >=3.0.2,<6
  license: Apache-2.0
  license_family: APACHE
  size: 56690
  timestamp: 1684774408600
- kind: conda
  name: ruby
  version: 3.2.2
  build: h20ad4f3_1
  build_number: 1
  subdir: win-64
  url: https://conda.anaconda.org/conda-forge/win-64/ruby-3.2.2-h20ad4f3_1.conda
  sha256: b1a149dfa4eb2a4560d8b9317e3d18958a4232417506cb0e88f50663062c9a82
  md5: e4b00fff2518ccf9b1c47111ad35af6c
  depends:
  - libffi >=3.4,<4.0a0
  - libzlib >=1.2.13,<1.3.0a0
  - openssl >=3.2.0,<4.0a0
  - ucrt >=10.0.20348.0
  - vc >=14.2,<15
  - vc14_runtime >=14.29.30139
  - yaml >=0.2.5,<0.3.0a0
  track_features:
  - rb32
  license: BSD-2-Clause
  license_family: BSD
  size: 15322685
  timestamp: 1703349839755
- kind: conda
  name: setuptools
  version: 69.5.1
  build: pyhd8ed1ab_0
  subdir: noarch
  noarch: python
  url: https://conda.anaconda.org/conda-forge/noarch/setuptools-69.5.1-pyhd8ed1ab_0.conda
  sha256: 72d143408507043628b32bed089730b6d5f5445eccc44b59911ec9f262e365e7
  md5: 7462280d81f639363e6e63c81276bd9e
  depends:
  - python >=3.8
  license: MIT
  license_family: MIT
  size: 501790
  timestamp: 1713094963112
- kind: conda
  name: six
  version: 1.16.0
  build: pyh6c4a22f_0
  subdir: noarch
  noarch: python
  url: https://conda.anaconda.org/conda-forge/noarch/six-1.16.0-pyh6c4a22f_0.tar.bz2
  sha256: a85c38227b446f42c5b90d9b642f2c0567880c15d72492d8da074a59c8f91dd6
  md5: e5f25f8dbc060e9a8d912e432202afc2
  depends:
  - python
  license: MIT
  license_family: MIT
  size: 14259
  timestamp: 1620240338595
- kind: conda
  name: tbb
  version: 2021.12.0
  build: h91493d7_0
  subdir: win-64
  url: https://conda.anaconda.org/conda-forge/win-64/tbb-2021.12.0-h91493d7_0.conda
  sha256: 621926aae93513408bdca3dd21c97e2aa8ba7dcd2c400dab804fb0ce7da1387b
  md5: 21745fdd12f01b41178596143cbecffd
  depends:
  - libhwloc >=2.10.0,<2.10.1.0a0
  - ucrt >=10.0.20348.0
  - vc >=14.2,<15
  - vc14_runtime >=14.29.30139
  license: Apache-2.0
  license_family: APACHE
  size: 161618
  timestamp: 1712960215111
- kind: conda
  name: thefuzz
  version: 0.22.1
  build: pyhd8ed1ab_0
  subdir: noarch
  noarch: python
  url: https://conda.anaconda.org/conda-forge/noarch/thefuzz-0.22.1-pyhd8ed1ab_0.conda
  sha256: 431fafb2e4d9b1d240dcdab9c38442449659aec40f0676f16e4bf58d30ced4e3
  md5: b3e4c0039fcafa98afee9a794f1e5d58
  depends:
  - python >=3.6
  - python-levenshtein >=0.12
  license: GPL-2.0-only
  license_family: GPL
  size: 14795
  timestamp: 1705695908725
- kind: conda
  name: tk
  version: 8.6.13
  build: h5226925_1
  build_number: 1
  subdir: win-64
  url: https://conda.anaconda.org/conda-forge/win-64/tk-8.6.13-h5226925_1.conda
  sha256: 2c4e914f521ccb2718946645108c9bd3fc3216ba69aea20c2c3cedbd8db32bb1
  md5: fc048363eb8f03cd1737600a5d08aafe
  depends:
  - ucrt >=10.0.20348.0
  - vc >=14.2,<15
  - vc14_runtime >=14.29.30139
  license: TCL
  license_family: BSD
  size: 3503410
  timestamp: 1699202577803
- kind: conda
  name: tqdm
  version: 4.66.2
  build: pyhd8ed1ab_0
  subdir: noarch
  noarch: python
  url: https://conda.anaconda.org/conda-forge/noarch/tqdm-4.66.2-pyhd8ed1ab_0.conda
  sha256: 416d1d9318f3267325ad7e2b8a575df20ff9031197b30c0222c3d3b023877260
  md5: 2b8dfb969f984497f3f98409a9545776
  depends:
  - colorama
  - python >=3.7
  license: MPL-2.0 or MIT
  size: 89567
  timestamp: 1707598746354
- kind: conda
  name: tzdata
  version: 2024a
  build: h0c530f3_0
  subdir: noarch
  noarch: generic
  url: https://conda.anaconda.org/conda-forge/noarch/tzdata-2024a-h0c530f3_0.conda
  sha256: 7b2b69c54ec62a243eb6fba2391b5e443421608c3ae5dbff938ad33ca8db5122
  md5: 161081fc7cec0bfda0d86d7cb595f8d8
  license: LicenseRef-Public-Domain
  size: 119815
  timestamp: 1706886945727
- kind: conda
  name: ucrt
  version: 10.0.22621.0
  build: h57928b3_0
  subdir: win-64
  url: https://conda.anaconda.org/conda-forge/win-64/ucrt-10.0.22621.0-h57928b3_0.tar.bz2
  sha256: f29cdaf8712008f6b419b8b1a403923b00ab2504bfe0fb2ba8eb60e72d4f14c6
  md5: 72608f6cd3e5898229c3ea16deb1ac43
  constrains:
  - vs2015_runtime >=14.29.30037
  license: LicenseRef-Proprietary
  license_family: PROPRIETARY
  size: 1283972
  timestamp: 1666630199266
- kind: conda
  name: ukkonen
  version: 1.0.1
  build: py312h0d7def4_4
  build_number: 4
  subdir: win-64
  url: https://conda.anaconda.org/conda-forge/win-64/ukkonen-1.0.1-py312h0d7def4_4.conda
  sha256: f5f7550991ca647f69b67b9188c7104a3456122611dd6a6e753cff555e45dfd9
  md5: 57cfbb8ce3a1800bd343bf6afba6f878
  depends:
  - cffi
  - python >=3.12.0rc3,<3.13.0a0
  - python_abi 3.12.* *_cp312
  - ucrt >=10.0.20348.0
  - vc >=14.2,<15
  - vc14_runtime >=14.29.30139
  license: MIT
  license_family: MIT
  size: 17235
  timestamp: 1695549871621
- kind: conda
  name: urllib3
  version: 2.2.1
  build: pyhd8ed1ab_0
  subdir: noarch
  noarch: python
  url: https://conda.anaconda.org/conda-forge/noarch/urllib3-2.2.1-pyhd8ed1ab_0.conda
  sha256: d4009dcc9327684d6409706ce17656afbeae690d8522d3c9bc4df57649a352cd
  md5: 08807a87fa7af10754d46f63b368e016
  depends:
  - brotli-python >=1.0.9
  - pysocks >=1.5.6,<2.0,!=1.5.7
  - python >=3.7
  license: MIT
  license_family: MIT
  size: 94669
  timestamp: 1708239595549
- kind: conda
  name: vc
  version: '14.3'
  build: hcf57466_18
  build_number: 18
  subdir: win-64
  url: https://conda.anaconda.org/conda-forge/win-64/vc-14.3-hcf57466_18.conda
  sha256: 447a8d8292a7b2107dcc18afb67f046824711a652725fc0f522c368e7a7b8318
  md5: 20e1e652a4c740fa719002a8449994a2
  depends:
  - vc14_runtime >=14.38.33130
  track_features:
  - vc14
  license: BSD-3-Clause
  license_family: BSD
  size: 16977
  timestamp: 1702511255313
- kind: conda
  name: vc14_runtime
  version: 14.38.33130
  build: h82b7239_18
  build_number: 18
  subdir: win-64
  url: https://conda.anaconda.org/conda-forge/win-64/vc14_runtime-14.38.33130-h82b7239_18.conda
  sha256: bf94c9af4b2e9cba88207001197e695934eadc96a5c5e4cd7597e950aae3d8ff
  md5: 8be79fdd2725ddf7bbf8a27a4c1f79ba
  depends:
  - ucrt >=10.0.20348.0
  constrains:
  - vs2015_runtime 14.38.33130.* *_18
  license: LicenseRef-ProprietaryMicrosoft
  license_family: Proprietary
  size: 749868
  timestamp: 1702511239004
- kind: conda
  name: virtualenv
  version: 20.26.1
  build: pyhd8ed1ab_0
  subdir: noarch
  noarch: python
  url: https://conda.anaconda.org/conda-forge/noarch/virtualenv-20.26.1-pyhd8ed1ab_0.conda
  sha256: d603f8608f353a7aaa794c00bd3df71aafd5b56bf53af3e9c3dfe135203a4f33
  md5: 4e1cd2faf006a6e62c148f95cef0cac2
  depends:
  - distlib <1,>=0.3.7
  - filelock <4,>=3.12.2
  - platformdirs <5,>=3.9.1
  - python >=3.8
  license: MIT
  license_family: MIT
  size: 3459994
  timestamp: 1714439521015
- kind: conda
  name: vs2015_runtime
  version: 14.38.33130
  build: hcb4865c_18
  build_number: 18
  subdir: win-64
  url: https://conda.anaconda.org/conda-forge/win-64/vs2015_runtime-14.38.33130-hcb4865c_18.conda
  sha256: a2fec221f361d6263c117f4ea6d772b21c90a2f8edc6f3eb0eadec6bfe8843db
  md5: 10d42885e3ed84e575b454db30f1aa93
  depends:
  - vc14_runtime >=14.38.33130
  license: BSD-3-Clause
  license_family: BSD
  size: 16988
  timestamp: 1702511261442
- kind: conda
  name: win_inet_pton
  version: 1.1.0
  build: pyhd8ed1ab_6
  build_number: 6
  subdir: noarch
  noarch: python
  url: https://conda.anaconda.org/conda-forge/noarch/win_inet_pton-1.1.0-pyhd8ed1ab_6.tar.bz2
  sha256: a11ae693a0645bf6c7b8a47bac030be9c0967d0b1924537b9ff7458e832c0511
  md5: 30878ecc4bd36e8deeea1e3c151b2e0b
  depends:
  - __win
  - python >=3.6
  license: PUBLIC-DOMAIN
  size: 8191
  timestamp: 1667051294134
- kind: conda
  name: xz
  version: 5.2.6
  build: h8d14728_0
  subdir: win-64
  url: https://conda.anaconda.org/conda-forge/win-64/xz-5.2.6-h8d14728_0.tar.bz2
  sha256: 54d9778f75a02723784dc63aff4126ff6e6749ba21d11a6d03c1f4775f269fe0
  md5: 515d77642eaa3639413c6b1bc3f94219
  depends:
  - vc >=14.1,<15
  - vs2015_runtime >=14.16.27033
  license: LGPL-2.1 and GPL-2.0
  size: 217804
  timestamp: 1660346976440
- kind: conda
  name: yaml
  version: 0.2.5
  build: h8ffe710_2
  build_number: 2
  subdir: win-64
  url: https://conda.anaconda.org/conda-forge/win-64/yaml-0.2.5-h8ffe710_2.tar.bz2
  sha256: 4e2246383003acbad9682c7c63178e2e715ad0eb84f03a8df1fbfba455dfedc5
  md5: adbfb9f45d1004a26763652246a33764
  depends:
  - vc >=14.1,<15.0a0
  - vs2015_runtime >=14.16.27012
  license: MIT
  license_family: MIT
  size: 63274
  timestamp: 1641347623319
